
Microsoft Visual Studio Solution File, Format Version 12.00
# Visual Studio 15
VisualStudioVersion = 15.0.28307.136
MinimumVisualStudioVersion = 10.0.40219.1
Project("{9A19103F-16F7-4668-BE54-9A1E7A4F7556}") = "Email-Producer", "Email-Producer\Email-Producer.csproj", "{928E1954-63EF-411A-AAE6-F1C7E17B4ADE}"
EndProject
Project("{FAE04EC0-301F-11D3-BF4B-00C04F79EFBC}") = "Email-Consumer", "Email-Consumer\Email-Consumer.csproj", "{BF72B03E-07E5-4DD6-A29B-7DB259962D8E}"
EndProject
Project("{2150E333-8FDC-42A3-9474-1A3956D46DE8}") = "Solution Items", "Solution Items", "{2B463EA5-1413-4FD1-9E86-F2BF26C942FE}"
	ProjectSection(SolutionItems) = preProject
		readme.md = readme.md
	EndProjectSection
EndProject
Global
	GlobalSection(SolutionConfigurationPlatforms) = preSolution
		Debug|Any CPU = Debug|Any CPU
		Release|Any CPU = Release|Any CPU
	EndGlobalSection
	GlobalSection(ProjectConfigurationPlatforms) = postSolution
		{928E1954-63EF-411A-AAE6-F1C7E17B4ADE}.Debug|Any CPU.ActiveCfg = Debug|Any CPU
		{928E1954-63EF-411A-AAE6-F1C7E17B4ADE}.Debug|Any CPU.Build.0 = Debug|Any CPU
		{928E1954-63EF-411A-AAE6-F1C7E17B4ADE}.Release|Any CPU.ActiveCfg = Release|Any CPU
		{928E1954-63EF-411A-AAE6-F1C7E17B4ADE}.Release|Any CPU.Build.0 = Release|Any CPU
		{BF72B03E-07E5-4DD6-A29B-7DB259962D8E}.Debug|Any CPU.ActiveCfg = Debug|Any CPU
		{BF72B03E-07E5-4DD6-A29B-7DB259962D8E}.Debug|Any CPU.Build.0 = Debug|Any CPU
		{BF72B03E-07E5-4DD6-A29B-7DB259962D8E}.Release|Any CPU.ActiveCfg = Release|Any CPU
		{BF72B03E-07E5-4DD6-A29B-7DB259962D8E}.Release|Any CPU.Build.0 = Release|Any CPU
	EndGlobalSection
	GlobalSection(SolutionProperties) = preSolution
		HideSolutionNode = FALSE
	EndGlobalSection
	GlobalSection(ExtensibilityGlobals) = postSolution
		SolutionGuid = {4FE6AF96-354D-4764-91DC-8EB519781606}
	EndGlobalSection
EndGlobal
